lockfileVersion: '9.0'

settings:
  autoInstallPeers: true
  excludeLinksFromLockfile: false

importers:

  .:
    dependencies:
      prettier:
        specifier: ^3.5.3
        version: 3.5.3

  packages/emscripten-tryout:
    devDependencies:
      '@tsconfig/strictest':
        specifier: ^2.0.5
        version: 2.0.5
      typescript:
        specifier: ^5.8.2
        version: 5.8.2

  packages/emscripten-tryout/demo-es-ext-lib:
    dependencies:
      es-ext-lib:
        specifier: workspace:*
        version: link:../es-ext-lib
    devDependencies:
      '@tsconfig/strictest':
        specifier: ^2.0.5
        version: 2.0.5
      typescript:
        specifier: ^5.8.2
        version: 5.8.2

  packages/emscripten-tryout/es-ext-lib:
    devDependencies:
      '@tsconfig/strictest':
        specifier: ^2.0.5
        version: 2.0.5
      typescript:
        specifier: ^5.8.2
        version: 5.8.2

packages:

  '@tsconfig/strictest@2.0.5':
    resolution: {integrity: sha512-ec4tjL2Rr0pkZ5hww65c+EEPYwxOi4Ryv+0MtjeaSQRJyq322Q27eOQiFbuNgw2hpL4hB1/W/HBGk3VKS43osg==}

  prettier@3.5.3:
    resolution: {integrity: sha512-QQtaxnoDJeAkDvDKWCLiwIXkTgRhwYDEQCghU9Z6q03iyek/rxRh/2lC3HB7P8sWT2xC/y5JDctPLBIGzHKbhw==}
    engines: {node: '>=14'}
    hasBin: true

  typescript@5.8.2:
    resolution: {integrity: sha512-aJn6wq13/afZp/jT9QZmwEjDqqvSGp1VT5GVg+f/t6/oVyrgXM6BY1h9BRh/O5p3PlUPAe+WuiEZOmb/49RqoQ==}
    engines: {node: '>=14.17'}
    hasBin: true

snapshots:

  '@tsconfig/strictest@2.0.5': {}

  prettier@3.5.3: {}

  typescript@5.8.2: {}
